
Microsoft Visual Studio Solution File, Format Version 12.00
Project("{FAE04EC0-301F-11D3-BF4B-00C04F79EFBC}") = "EaApplicationTest", "EaApplicationTest\EaApplicationTest.csproj", "{D5323B7A-D8D1-4BE6-9C90-BCCE9F0B6908}"
EndProject
Project("{2150E333-8FDC-42A3-9474-1A3956D46DE8}") = "Solution Items", "Solution Items", "{D26EE06D-B77A-4367-AF8F-BF308DE7ADBD}"
	ProjectSection(SolutionItems) = preProject
		.gitignore = .gitignore
	EndProjectSection
EndProject
Global
	GlobalSection(SolutionConfigurationPlatforms) = preSolution
		Debug|Any CPU = Debug|Any CPU
		Release|Any CPU = Release|Any CPU
	EndGlobalSection
	GlobalSection(ProjectConfigurationPlatforms) = postSolution
		{D5323B7A-D8D1-4BE6-9C90-BCCE9F0B6908}.Debug|Any CPU.ActiveCfg = Debug|Any CPU
		{D5323B7A-D8D1-4BE6-9C90-BCCE9F0B6908}.Debug|Any CPU.Build.0 = Debug|Any CPU
		{D5323B7A-D8D1-4BE6-9C90-BCCE9F0B6908}.Release|Any CPU.ActiveCfg = Release|Any CPU
		{D5323B7A-D8D1-4BE6-9C90-BCCE9F0B6908}.Release|Any CPU.Build.0 = Release|Any CPU
	EndGlobalSection
EndGlobal
